
Microsoft Visual Studio Solution File, Format Version 12.00
# Visual Studio Version 17
Project("{2150E333-8FDC-42A3-9474-1A3956D46DE8}") = "CMakePredefinedTargets", "CMakePredefinedTargets", "{552DAC69-A9A7-3AE0-ADDC-D8949D57C9EF}"
EndProject
Project("{2150E333-8FDC-42A3-9474-1A3956D46DE8}") = "GLFW3", "GLFW3", "{6C462046-741F-3BD3-BC41-C62A3CCFDECE}"
EndProject
Project("{2150E333-8FDC-42A3-9474-1A3956D46DE8}") = "Examples", "GLFW3\Examples", "{3F7D7FB9-87B3-38F3-8C87-83E190761861}"
EndProject
Project("{2150E333-8FDC-42A3-9474-1A3956D46DE8}") = "Tests", "GLFW3\Tests", "{2C85F8FB-ABAB-3479-866C-5C850395EDC8}"
EndProject
Project("{8BC9CEB8-8B4A-11D0-8D11-00A0C91BC942}") = "ALL_BUILD", "ALL_BUILD.vcxproj", "{67B42C64-5220-32AD-B760-B9FB4AB30C99}"
	ProjectSection(ProjectDependencies) = postProject
		{917833C9-B977-354A-8BF9-8C09CFC3E6DD} = {917833C9-B977-354A-8BF9-8C09CFC3E6DD}
		{0BA36C28-655A-3A70-A797-B6A796C8BDF1} = {0BA36C28-655A-3A70-A797-B6A796C8BDF1}
		{E596FE00-17BE-34BC-8B4B-EA5F4DF31DCE} = {E596FE00-17BE-34BC-8B4B-EA5F4DF31DCE}
		{AF02F724-01F4-320F-AFBA-31CD897489B4} = {AF02F724-01F4-320F-AFBA-31CD897489B4}
		{0F9832DE-C72A-33B1-8D61-04EE7E6FE918} = {0F9832DE-C72A-33B1-8D61-04EE7E6FE918}
		{CEE2BE35-1875-34E3-8497-E5321EBA2AE3} = {CEE2BE35-1875-34E3-8497-E5321EBA2AE3}
		{62A9B9F7-E3FD-349E-BD1D-EF410203F9B0} = {62A9B9F7-E3FD-349E-BD1D-EF410203F9B0}
		{20DD758B-3AF7-3F5C-A8AD-DCBC90C7E08A} = {20DD758B-3AF7-3F5C-A8AD-DCBC90C7E08A}
		{CECD9B39-FA24-349D-A5D4-2E1830B562E7} = {CECD9B39-FA24-349D-A5D4-2E1830B562E7}
		{03D8779F-78AC-3FA2-BD6C-E640150991ED} = {03D8779F-78AC-3FA2-BD6C-E640150991ED}
		{EE3D342E-B8FC-388F-8947-D4AAD9A33E39} = {EE3D342E-B8FC-388F-8947-D4AAD9A33E39}
		{AABA1CBB-A30A-337B-AE66-56D6AB52DB10} = {AABA1CBB-A30A-337B-AE66-56D6AB52DB10}
		{D11AF298-F2E1-3F66-AAF4-18A9E017FA17} = {D11AF298-F2E1-3F66-AAF4-18A9E017FA17}
		{707B9043-5961-3323-9BC7-F39A9E52664C} = {707B9043-5961-3323-9BC7-F39A9E52664C}
		{F767E88A-2D8F-3A5C-AC13-B19670AA660A} = {F767E88A-2D8F-3A5C-AC13-B19670AA660A}
		{8DB074DF-27BA-39B2-9199-B8F89A0027E3} = {8DB074DF-27BA-39B2-9199-B8F89A0027E3}
		{FDF548A3-69BB-3D3D-B92F-1DBF5CC2B755} = {FDF548A3-69BB-3D3D-B92F-1DBF5CC2B755}
		{0AB5D72B-9E80-3E79-A3F2-7DA839EFDC2B} = {0AB5D72B-9E80-3E79-A3F2-7DA839EFDC2B}
		{CDBA47B1-5A04-3EED-9CAD-98D6BD1FA716} = {CDBA47B1-5A04-3EED-9CAD-98D6BD1FA716}
		{B15E6E89-8A79-3FF4-AC7E-655251263290} = {B15E6E89-8A79-3FF4-AC7E-655251263290}
		{78894C5C-C3F2-3BE6-8BDD-53D7B279FD47} = {78894C5C-C3F2-3BE6-8BDD-53D7B279FD47}
		{7D23AE1C-89A0-31D5-91AB-A229C961808C} = {7D23AE1C-89A0-31D5-91AB-A229C961808C}
		{3E9B9DF6-E99A-3DFA-8A21-8D0825897AA9} = {3E9B9DF6-E99A-3DFA-8A21-8D0825897AA9}
		{E07D5A33-B396-39CD-9DE0-F1A66F53678B} = {E07D5A33-B396-39CD-9DE0-F1A66F53678B}
		{87BEB871-7AAC-3065-A33B-E9D0EAF536D4} = {87BEB871-7AAC-3065-A33B-E9D0EAF536D4}
		{8B7594EE-1D5D-30C4-89A1-CBD0FE49BC80} = {8B7594EE-1D5D-30C4-89A1-CBD0FE49BC80}
		{4C63B283-A364-34AB-9636-28B66A382389} = {4C63B283-A364-34AB-9636-28B66A382389}
		{2B8FC8F9-59B2-3538-91D4-38ED79CB0C28} = {2B8FC8F9-59B2-3538-91D4-38ED79CB0C28}
		{B7989B4B-5E4C-36B8-8440-C516B63B90F7} = {B7989B4B-5E4C-36B8-8440-C516B63B90F7}
		{CFE4B07B-F2B8-3A5A-B508-203F1EEEB37A} = {CFE4B07B-F2B8-3A5A-B508-203F1EEEB37A}
		{8E81C702-6B59-31F3-ACF8-89E3D42E1A5A} = {8E81C702-6B59-31F3-ACF8-89E3D42E1A5A}
	EndProjectSection
EndProject
Project("{8BC9CEB8-8B4A-11D0-8D11-00A0C91BC942}") = "INSTALL", "INSTALL.vcxproj", "{ABADBDE1-75CC-3216-9A3A-1CDF2CCB0E2B}"
	ProjectSection(ProjectDependencies) = postProject
		{67B42C64-5220-32AD-B760-B9FB4AB30C99} = {67B42C64-5220-32AD-B760-B9FB4AB30C99}
		{917833C9-B977-354A-8BF9-8C09CFC3E6DD} = {917833C9-B977-354A-8BF9-8C09CFC3E6DD}
	EndProjectSection
EndProject
Project("{8BC9CEB8-8B4A-11D0-8D11-00A0C91BC942}") = "ZERO_CHECK", "ZERO_CHECK.vcxproj", "{917833C9-B977-354A-8BF9-8C09CFC3E6DD}"
	ProjectSection(ProjectDependencies) = postProject
	EndProjectSection
EndProject
Project("{8BC9CEB8-8B4A-11D0-8D11-00A0C91BC942}") = "boing", "examples\boing.vcxproj", "{0BA36C28-655A-3A70-A797-B6A796C8BDF1}"
	ProjectSection(ProjectDependencies) = postProject
		{917833C9-B977-354A-8BF9-8C09CFC3E6DD} = {917833C9-B977-354A-8BF9-8C09CFC3E6DD}
		{CECD9B39-FA24-349D-A5D4-2E1830B562E7} = {CECD9B39-FA24-349D-A5D4-2E1830B562E7}
	EndProjectSection
EndProject
Project("{8BC9CEB8-8B4A-11D0-8D11-00A0C91BC942}") = "clipboard", "tests\clipboard.vcxproj", "{E596FE00-17BE-34BC-8B4B-EA5F4DF31DCE}"
	ProjectSection(ProjectDependencies) = postProject
		{917833C9-B977-354A-8BF9-8C09CFC3E6DD} = {917833C9-B977-354A-8BF9-8C09CFC3E6DD}
		{CECD9B39-FA24-349D-A5D4-2E1830B562E7} = {CECD9B39-FA24-349D-A5D4-2E1830B562E7}
	EndProjectSection
EndProject
Project("{8BC9CEB8-8B4A-11D0-8D11-00A0C91BC942}") = "cursor", "tests\cursor.vcxproj", "{AF02F724-01F4-320F-AFBA-31CD897489B4}"
	ProjectSection(ProjectDependencies) = postProject
		{917833C9-B977-354A-8BF9-8C09CFC3E6DD} = {917833C9-B977-354A-8BF9-8C09CFC3E6DD}
		{CECD9B39-FA24-349D-A5D4-2E1830B562E7} = {CECD9B39-FA24-349D-A5D4-2E1830B562E7}
	EndProjectSection
EndProject
Project("{8BC9CEB8-8B4A-11D0-8D11-00A0C91BC942}") = "empty", "tests\empty.vcxproj", "{0F9832DE-C72A-33B1-8D61-04EE7E6FE918}"
	ProjectSection(ProjectDependencies) = postProject
		{917833C9-B977-354A-8BF9-8C09CFC3E6DD} = {917833C9-B977-354A-8BF9-8C09CFC3E6DD}
		{CECD9B39-FA24-349D-A5D4-2E1830B562E7} = {CECD9B39-FA24-349D-A5D4-2E1830B562E7}
	EndProjectSection
EndProject
Project("{8BC9CEB8-8B4A-11D0-8D11-00A0C91BC942}") = "events", "tests\events.vcxproj", "{CEE2BE35-1875-34E3-8497-E5321EBA2AE3}"
	ProjectSection(ProjectDependencies) = postProject
		{917833C9-B977-354A-8BF9-8C09CFC3E6DD} = {917833C9-B977-354A-8BF9-8C09CFC3E6DD}
		{CECD9B39-FA24-349D-A5D4-2E1830B562E7} = {CECD9B39-FA24-349D-A5D4-2E1830B562E7}
	EndProjectSection
EndProject
Project("{8BC9CEB8-8B4A-11D0-8D11-00A0C91BC942}") = "gamma", "tests\gamma.vcxproj", "{62A9B9F7-E3FD-349E-BD1D-EF410203F9B0}"
	ProjectSection(ProjectDependencies) = postProject
		{917833C9-B977-354A-8BF9-8C09CFC3E6DD} = {917833C9-B977-354A-8BF9-8C09CFC3E6DD}
		{CECD9B39-FA24-349D-A5D4-2E1830B562E7} = {CECD9B39-FA24-349D-A5D4-2E1830B562E7}
	EndProjectSection
EndProject
Project("{8BC9CEB8-8B4A-11D0-8D11-00A0C91BC942}") = "gears", "examples\gears.vcxproj", "{20DD758B-3AF7-3F5C-A8AD-DCBC90C7E08A}"
	ProjectSection(ProjectDependencies) = postProject
		{917833C9-B977-354A-8BF9-8C09CFC3E6DD} = {917833C9-B977-354A-8BF9-8C09CFC3E6DD}
		{CECD9B39-FA24-349D-A5D4-2E1830B562E7} = {CECD9B39-FA24-349D-A5D4-2E1830B562E7}
	EndProjectSection
EndProject
Project("{8BC9CEB8-8B4A-11D0-8D11-00A0C91BC942}") = "glfw", "src\glfw.vcxproj", "{CECD9B39-FA24-349D-A5D4-2E1830B562E7}"
	ProjectSection(ProjectDependencies) = postProject
		{917833C9-B977-354A-8BF9-8C09CFC3E6DD} = {917833C9-B977-354A-8BF9-8C09CFC3E6DD}
	EndProjectSection
EndProject
Project("{8BC9CEB8-8B4A-11D0-8D11-00A0C91BC942}") = "glfwinfo", "tests\glfwinfo.vcxproj", "{03D8779F-78AC-3FA2-BD6C-E640150991ED}"
	ProjectSection(ProjectDependencies) = postProject
		{917833C9-B977-354A-8BF9-8C09CFC3E6DD} = {917833C9-B977-354A-8BF9-8C09CFC3E6DD}
		{CECD9B39-FA24-349D-A5D4-2E1830B562E7} = {CECD9B39-FA24-349D-A5D4-2E1830B562E7}
	EndProjectSection
EndProject
Project("{8BC9CEB8-8B4A-11D0-8D11-00A0C91BC942}") = "heightmap", "examples\heightmap.vcxproj", "{EE3D342E-B8FC-388F-8947-D4AAD9A33E39}"
	ProjectSection(ProjectDependencies) = postProject
		{917833C9-B977-354A-8BF9-8C09CFC3E6DD} = {917833C9-B977-354A-8BF9-8C09CFC3E6DD}
		{CECD9B39-FA24-349D-A5D4-2E1830B562E7} = {CECD9B39-FA24-349D-A5D4-2E1830B562E7}
	EndProjectSection
EndProject
Project("{8BC9CEB8-8B4A-11D0-8D11-00A0C91BC942}") = "icon", "tests\icon.vcxproj", "{AABA1CBB-A30A-337B-AE66-56D6AB52DB10}"
	ProjectSection(ProjectDependencies) = postProject
		{917833C9-B977-354A-8BF9-8C09CFC3E6DD} = {917833C9-B977-354A-8BF9-8C09CFC3E6DD}
		{CECD9B39-FA24-349D-A5D4-2E1830B562E7} = {CECD9B39-FA24-349D-A5D4-2E1830B562E7}
	EndProjectSection
EndProject
Project("{8BC9CEB8-8B4A-11D0-8D11-00A0C91BC942}") = "iconify", "tests\iconify.vcxproj", "{D11AF298-F2E1-3F66-AAF4-18A9E017FA17}"
	ProjectSection(ProjectDependencies) = postProject
		{917833C9-B977-354A-8BF9-8C09CFC3E6DD} = {917833C9-B977-354A-8BF9-8C09CFC3E6DD}
		{CECD9B39-FA24-349D-A5D4-2E1830B562E7} = {CECD9B39-FA24-349D-A5D4-2E1830B562E7}
	EndProjectSection
EndProject
Project("{8BC9CEB8-8B4A-11D0-8D11-00A0C91BC942}") = "inputlag", "tests\inputlag.vcxproj", "{707B9043-5961-3323-9BC7-F39A9E52664C}"
	ProjectSection(ProjectDependencies) = postProject
		{917833C9-B977-354A-8BF9-8C09CFC3E6DD} = {917833C9-B977-354A-8BF9-8C09CFC3E6DD}
		{CECD9B39-FA24-349D-A5D4-2E1830B562E7} = {CECD9B39-FA24-349D-A5D4-2E1830B562E7}
	EndProjectSection
EndProject
Project("{8BC9CEB8-8B4A-11D0-8D11-00A0C91BC942}") = "joysticks", "tests\joysticks.vcxproj", "{F767E88A-2D8F-3A5C-AC13-B19670AA660A}"
	ProjectSection(ProjectDependencies) = postProject
		{917833C9-B977-354A-8BF9-8C09CFC3E6DD} = {917833C9-B977-354A-8BF9-8C09CFC3E6DD}
		{CECD9B39-FA24-349D-A5D4-2E1830B562E7} = {CECD9B39-FA24-349D-A5D4-2E1830B562E7}
	EndProjectSection
EndProject
Project("{8BC9CEB8-8B4A-11D0-8D11-00A0C91BC942}") = "monitors", "tests\monitors.vcxproj", "{8DB074DF-27BA-39B2-9199-B8F89A0027E3}"
	ProjectSection(ProjectDependencies) = postProject
		{917833C9-B977-354A-8BF9-8C09CFC3E6DD} = {917833C9-B977-354A-8BF9-8C09CFC3E6DD}
		{CECD9B39-FA24-349D-A5D4-2E1830B562E7} = {CECD9B39-FA24-349D-A5D4-2E1830B562E7}
	EndProjectSection
EndProject
Project("{8BC9CEB8-8B4A-11D0-8D11-00A0C91BC942}") = "msaa", "tests\msaa.vcxproj", "{FDF548A3-69BB-3D3D-B92F-1DBF5CC2B755}"
	ProjectSection(ProjectDependencies) = postProject
		{917833C9-B977-354A-8BF9-8C09CFC3E6DD} = {917833C9-B977-354A-8BF9-8C09CFC3E6DD}
		{CECD9B39-FA24-349D-A5D4-2E1830B562E7} = {CECD9B39-FA24-349D-A5D4-2E1830B562E7}
	EndProjectSection
EndProject
Project("{8BC9CEB8-8B4A-11D0-8D11-00A0C91BC942}") = "offscreen", "examples\offscreen.vcxproj", "{0AB5D72B-9E80-3E79-A3F2-7DA839EFDC2B}"
	ProjectSection(ProjectDependencies) = postProject
		{917833C9-B977-354A-8BF9-8C09CFC3E6DD} = {917833C9-B977-354A-8BF9-8C09CFC3E6DD}
		{CECD9B39-FA24-349D-A5D4-2E1830B562E7} = {CECD9B39-FA24-349D-A5D4-2E1830B562E7}
	EndProjectSection
EndProject
Project("{8BC9CEB8-8B4A-11D0-8D11-00A0C91BC942}") = "opacity", "tests\opacity.vcxproj", "{CDBA47B1-5A04-3EED-9CAD-98D6BD1FA716}"
	ProjectSection(ProjectDependencies) = postProject
		{917833C9-B977-354A-8BF9-8C09CFC3E6DD} = {917833C9-B977-354A-8BF9-8C09CFC3E6DD}
		{CECD9B39-FA24-349D-A5D4-2E1830B562E7} = {CECD9B39-FA24-349D-A5D4-2E1830B562E7}
	EndProjectSection
EndProject
Project("{8BC9CEB8-8B4A-11D0-8D11-00A0C91BC942}") = "particles", "examples\particles.vcxproj", "{B15E6E89-8A79-3FF4-AC7E-655251263290}"
	ProjectSection(ProjectDependencies) = postProject
		{917833C9-B977-354A-8BF9-8C09CFC3E6DD} = {917833C9-B977-354A-8BF9-8C09CFC3E6DD}
		{CECD9B39-FA24-349D-A5D4-2E1830B562E7} = {CECD9B39-FA24-349D-A5D4-2E1830B562E7}
	EndProjectSection
EndProject
Project("{8BC9CEB8-8B4A-11D0-8D11-00A0C91BC942}") = "reopen", "tests\reopen.vcxproj", "{78894C5C-C3F2-3BE6-8BDD-53D7B279FD47}"
	ProjectSection(ProjectDependencies) = postProject
		{917833C9-B977-354A-8BF9-8C09CFC3E6DD} = {917833C9-B977-354A-8BF9-8C09CFC3E6DD}
		{CECD9B39-FA24-349D-A5D4-2E1830B562E7} = {CECD9B39-FA24-349D-A5D4-2E1830B562E7}
	EndProjectSection
EndProject
Project("{8BC9CEB8-8B4A-11D0-8D11-00A0C91BC942}") = "sharing", "examples\sharing.vcxproj", "{7D23AE1C-89A0-31D5-91AB-A229C961808C}"
	ProjectSection(ProjectDependencies) = postProject
		{917833C9-B977-354A-8BF9-8C09CFC3E6DD} = {917833C9-B977-354A-8BF9-8C09CFC3E6DD}
		{CECD9B39-FA24-349D-A5D4-2E1830B562E7} = {CECD9B39-FA24-349D-A5D4-2E1830B562E7}
	EndProjectSection
EndProject
Project("{8BC9CEB8-8B4A-11D0-8D11-00A0C91BC942}") = "simple", "examples\simple.vcxproj", "{3E9B9DF6-E99A-3DFA-8A21-8D0825897AA9}"
	ProjectSection(ProjectDependencies) = postProject
		{917833C9-B977-354A-8BF9-8C09CFC3E6DD} = {917833C9-B977-354A-8BF9-8C09CFC3E6DD}
		{CECD9B39-FA24-349D-A5D4-2E1830B562E7} = {CECD9B39-FA24-349D-A5D4-2E1830B562E7}
	EndProjectSection
EndProject
Project("{8BC9CEB8-8B4A-11D0-8D11-00A0C91BC942}") = "splitview", "examples\splitview.vcxproj", "{E07D5A33-B396-39CD-9DE0-F1A66F53678B}"
	ProjectSection(ProjectDependencies) = postProject
		{917833C9-B977-354A-8BF9-8C09CFC3E6DD} = {917833C9-B977-354A-8BF9-8C09CFC3E6DD}
		{CECD9B39-FA24-349D-A5D4-2E1830B562E7} = {CECD9B39-FA24-349D-A5D4-2E1830B562E7}
	EndProjectSection
EndProject
Project("{8BC9CEB8-8B4A-11D0-8D11-00A0C91BC942}") = "tearing", "tests\tearing.vcxproj", "{87BEB871-7AAC-3065-A33B-E9D0EAF536D4}"
	ProjectSection(ProjectDependencies) = postProject
		{917833C9-B977-354A-8BF9-8C09CFC3E6DD} = {917833C9-B977-354A-8BF9-8C09CFC3E6DD}
		{CECD9B39-FA24-349D-A5D4-2E1830B562E7} = {CECD9B39-FA24-349D-A5D4-2E1830B562E7}
	EndProjectSection
EndProject
Project("{8BC9CEB8-8B4A-11D0-8D11-00A0C91BC942}") = "threads", "tests\threads.vcxproj", "{8B7594EE-1D5D-30C4-89A1-CBD0FE49BC80}"
	ProjectSection(ProjectDependencies) = postProject
		{917833C9-B977-354A-8BF9-8C09CFC3E6DD} = {917833C9-B977-354A-8BF9-8C09CFC3E6DD}
		{CECD9B39-FA24-349D-A5D4-2E1830B562E7} = {CECD9B39-FA24-349D-A5D4-2E1830B562E7}
	EndProjectSection
EndProject
Project("{8BC9CEB8-8B4A-11D0-8D11-00A0C91BC942}") = "timeout", "tests\timeout.vcxproj", "{4C63B283-A364-34AB-9636-28B66A382389}"
	ProjectSection(ProjectDependencies) = postProject
		{917833C9-B977-354A-8BF9-8C09CFC3E6DD} = {917833C9-B977-354A-8BF9-8C09CFC3E6DD}
		{CECD9B39-FA24-349D-A5D4-2E1830B562E7} = {CECD9B39-FA24-349D-A5D4-2E1830B562E7}
	EndProjectSection
EndProject
Project("{8BC9CEB8-8B4A-11D0-8D11-00A0C91BC942}") = "title", "tests\title.vcxproj", "{2B8FC8F9-59B2-3538-91D4-38ED79CB0C28}"
	ProjectSection(ProjectDependencies) = postProject
		{917833C9-B977-354A-8BF9-8C09CFC3E6DD} = {917833C9-B977-354A-8BF9-8C09CFC3E6DD}
		{CECD9B39-FA24-349D-A5D4-2E1830B562E7} = {CECD9B39-FA24-349D-A5D4-2E1830B562E7}
	EndProjectSection
EndProject
Project("{8BC9CEB8-8B4A-11D0-8D11-00A0C91BC942}") = "triangle-vulkan", "tests\triangle-vulkan.vcxproj", "{B7989B4B-5E4C-36B8-8440-C516B63B90F7}"
	ProjectSection(ProjectDependencies) = postProject
		{917833C9-B977-354A-8BF9-8C09CFC3E6DD} = {917833C9-B977-354A-8BF9-8C09CFC3E6DD}
		{CECD9B39-FA24-349D-A5D4-2E1830B562E7} = {CECD9B39-FA24-349D-A5D4-2E1830B562E7}
	EndProjectSection
EndProject
Project("{8BC9CEB8-8B4A-11D0-8D11-00A0C91BC942}") = "uninstall", "uninstall.vcxproj", "{87A89088-FE0A-3B28-9F61-4627C75DCD98}"
	ProjectSection(ProjectDependencies) = postProject
		{917833C9-B977-354A-8BF9-8C09CFC3E6DD} = {917833C9-B977-354A-8BF9-8C09CFC3E6DD}
	EndProjectSection
EndProject
Project("{8BC9CEB8-8B4A-11D0-8D11-00A0C91BC942}") = "update_mappings", "src\update_mappings.vcxproj", "{0E6C068B-6694-3415-806C-A17E272A602C}"
	ProjectSection(ProjectDependencies) = postProject
		{917833C9-B977-354A-8BF9-8C09CFC3E6DD} = {917833C9-B977-354A-8BF9-8C09CFC3E6DD}
	EndProjectSection
EndProject
Project("{8BC9CEB8-8B4A-11D0-8D11-00A0C91BC942}") = "wave", "examples\wave.vcxproj", "{CFE4B07B-F2B8-3A5A-B508-203F1EEEB37A}"
	ProjectSection(ProjectDependencies) = postProject
		{917833C9-B977-354A-8BF9-8C09CFC3E6DD} = {917833C9-B977-354A-8BF9-8C09CFC3E6DD}
		{CECD9B39-FA24-349D-A5D4-2E1830B562E7} = {CECD9B39-FA24-349D-A5D4-2E1830B562E7}
	EndProjectSection
EndProject
Project("{8BC9CEB8-8B4A-11D0-8D11-00A0C91BC942}") = "windows", "tests\windows.vcxproj", "{8E81C702-6B59-31F3-ACF8-89E3D42E1A5A}"
	ProjectSection(ProjectDependencies) = postProject
		{917833C9-B977-354A-8BF9-8C09CFC3E6DD} = {917833C9-B977-354A-8BF9-8C09CFC3E6DD}
		{CECD9B39-FA24-349D-A5D4-2E1830B562E7} = {CECD9B39-FA24-349D-A5D4-2E1830B562E7}
	EndProjectSection
EndProject
Global
	GlobalSection(SolutionConfigurationPlatforms) = preSolution
		Debug|x64 = Debug|x64
		Release|x64 = Release|x64
		MinSizeRel|x64 = MinSizeRel|x64
		RelWithDebInfo|x64 = RelWithDebInfo|x64
	EndGlobalSection
	GlobalSection(ProjectConfigurationPlatforms) = postSolution
		{67B42C64-5220-32AD-B760-B9FB4AB30C99}.Debug|x64.ActiveCfg = Debug|x64
		{67B42C64-5220-32AD-B760-B9FB4AB30C99}.Debug|x64.Build.0 = Debug|x64
		{67B42C64-5220-32AD-B760-B9FB4AB30C99}.Release|x64.ActiveCfg = Release|x64
		{67B42C64-5220-32AD-B760-B9FB4AB30C99}.Release|x64.Build.0 = Release|x64
		{67B42C64-5220-32AD-B760-B9FB4AB30C99}.MinSizeRel|x64.ActiveCfg = MinSizeRel|x64
		{67B42C64-5220-32AD-B760-B9FB4AB30C99}.MinSizeRel|x64.Build.0 = MinSizeRel|x64
		{67B42C64-5220-32AD-B760-B9FB4AB30C99}.RelWithDebInfo|x64.ActiveCfg = RelWithDebInfo|x64
		{67B42C64-5220-32AD-B760-B9FB4AB30C99}.RelWithDebInfo|x64.Build.0 = RelWithDebInfo|x64
		{ABADBDE1-75CC-3216-9A3A-1CDF2CCB0E2B}.Debug|x64.ActiveCfg = Debug|x64
		{ABADBDE1-75CC-3216-9A3A-1CDF2CCB0E2B}.Release|x64.ActiveCfg = Release|x64
		{ABADBDE1-75CC-3216-9A3A-1CDF2CCB0E2B}.MinSizeRel|x64.ActiveCfg = MinSizeRel|x64
		{ABADBDE1-75CC-3216-9A3A-1CDF2CCB0E2B}.RelWithDebInfo|x64.ActiveCfg = RelWithDebInfo|x64
		{917833C9-B977-354A-8BF9-8C09CFC3E6DD}.Debug|x64.ActiveCfg = Debug|x64
		{917833C9-B977-354A-8BF9-8C09CFC3E6DD}.Debug|x64.Build.0 = Debug|x64
		{917833C9-B977-354A-8BF9-8C09CFC3E6DD}.Release|x64.ActiveCfg = Release|x64
		{917833C9-B977-354A-8BF9-8C09CFC3E6DD}.Release|x64.Build.0 = Release|x64
		{917833C9-B977-354A-8BF9-8C09CFC3E6DD}.MinSizeRel|x64.ActiveCfg = MinSizeRel|x64
		{917833C9-B977-354A-8BF9-8C09CFC3E6DD}.MinSizeRel|x64.Build.0 = MinSizeRel|x64
		{917833C9-B977-354A-8BF9-8C09CFC3E6DD}.RelWithDebInfo|x64.ActiveCfg = RelWithDebInfo|x64
		{917833C9-B977-354A-8BF9-8C09CFC3E6DD}.RelWithDebInfo|x64.Build.0 = RelWithDebInfo|x64
		{0BA36C28-655A-3A70-A797-B6A796C8BDF1}.Debug|x64.ActiveCfg = Debug|x64
		{0BA36C28-655A-3A70-A797-B6A796C8BDF1}.Debug|x64.Build.0 = Debug|x64
		{0BA36C28-655A-3A70-A797-B6A796C8BDF1}.Release|x64.ActiveCfg = Release|x64
		{0BA36C28-655A-3A70-A797-B6A796C8BDF1}.Release|x64.Build.0 = Release|x64
		{0BA36C28-655A-3A70-A797-B6A796C8BDF1}.MinSizeRel|x64.ActiveCfg = MinSizeRel|x64
		{0BA36C28-655A-3A70-A797-B6A796C8BDF1}.MinSizeRel|x64.Build.0 = MinSizeRel|x64
		{0BA36C28-655A-3A70-A797-B6A796C8BDF1}.RelWithDebInfo|x64.ActiveCfg = RelWithDebInfo|x64
		{0BA36C28-655A-3A70-A797-B6A796C8BDF1}.RelWithDebInfo|x64.Build.0 = RelWithDebInfo|x64
		{E596FE00-17BE-34BC-8B4B-EA5F4DF31DCE}.Debug|x64.ActiveCfg = Debug|x64
		{E596FE00-17BE-34BC-8B4B-EA5F4DF31DCE}.Debug|x64.Build.0 = Debug|x64
		{E596FE00-17BE-34BC-8B4B-EA5F4DF31DCE}.Release|x64.ActiveCfg = Release|x64
		{E596FE00-17BE-34BC-8B4B-EA5F4DF31DCE}.Release|x64.Build.0 = Release|x64
		{E596FE00-17BE-34BC-8B4B-EA5F4DF31DCE}.MinSizeRel|x64.ActiveCfg = MinSizeRel|x64
		{E596FE00-17BE-34BC-8B4B-EA5F4DF31DCE}.MinSizeRel|x64.Build.0 = MinSizeRel|x64
		{E596FE00-17BE-34BC-8B4B-EA5F4DF31DCE}.RelWithDebInfo|x64.ActiveCfg = RelWithDebInfo|x64
		{E596FE00-17BE-34BC-8B4B-EA5F4DF31DCE}.RelWithDebInfo|x64.Build.0 = RelWithDebInfo|x64
		{AF02F724-01F4-320F-AFBA-31CD897489B4}.Debug|x64.ActiveCfg = Debug|x64
		{AF02F724-01F4-320F-AFBA-31CD897489B4}.Debug|x64.Build.0 = Debug|x64
		{AF02F724-01F4-320F-AFBA-31CD897489B4}.Release|x64.ActiveCfg = Release|x64
		{AF02F724-01F4-320F-AFBA-31CD897489B4}.Release|x64.Build.0 = Release|x64
		{AF02F724-01F4-320F-AFBA-31CD897489B4}.MinSizeRel|x64.ActiveCfg = MinSizeRel|x64
		{AF02F724-01F4-320F-AFBA-31CD897489B4}.MinSizeRel|x64.Build.0 = MinSizeRel|x64
		{AF02F724-01F4-320F-AFBA-31CD897489B4}.RelWithDebInfo|x64.ActiveCfg = RelWithDebInfo|x64
		{AF02F724-01F4-320F-AFBA-31CD897489B4}.RelWithDebInfo|x64.Build.0 = RelWithDebInfo|x64
		{0F9832DE-C72A-33B1-8D61-04EE7E6FE918}.Debug|x64.ActiveCfg = Debug|x64
		{0F9832DE-C72A-33B1-8D61-04EE7E6FE918}.Debug|x64.Build.0 = Debug|x64
		{0F9832DE-C72A-33B1-8D61-04EE7E6FE918}.Release|x64.ActiveCfg = Release|x64
		{0F9832DE-C72A-33B1-8D61-04EE7E6FE918}.Release|x64.Build.0 = Release|x64
		{0F9832DE-C72A-33B1-8D61-04EE7E6FE918}.MinSizeRel|x64.ActiveCfg = MinSizeRel|x64
		{0F9832DE-C72A-33B1-8D61-04EE7E6FE918}.MinSizeRel|x64.Build.0 = MinSizeRel|x64
		{0F9832DE-C72A-33B1-8D61-04EE7E6FE918}.RelWithDebInfo|x64.ActiveCfg = RelWithDebInfo|x64
		{0F9832DE-C72A-33B1-8D61-04EE7E6FE918}.RelWithDebInfo|x64.Build.0 = RelWithDebInfo|x64
		{CEE2BE35-1875-34E3-8497-E5321EBA2AE3}.Debug|x64.ActiveCfg = Debug|x64
		{CEE2BE35-1875-34E3-8497-E5321EBA2AE3}.Debug|x64.Build.0 = Debug|x64
		{CEE2BE35-1875-34E3-8497-E5321EBA2AE3}.Release|x64.ActiveCfg = Release|x64
		{CEE2BE35-1875-34E3-8497-E5321EBA2AE3}.Release|x64.Build.0 = Release|x64
		{CEE2BE35-1875-34E3-8497-E5321EBA2AE3}.MinSizeRel|x64.ActiveCfg = MinSizeRel|x64
		{CEE2BE35-1875-34E3-8497-E5321EBA2AE3}.MinSizeRel|x64.Build.0 = MinSizeRel|x64
		{CEE2BE35-1875-34E3-8497-E5321EBA2AE3}.RelWithDebInfo|x64.ActiveCfg = RelWithDebInfo|x64
		{CEE2BE35-1875-34E3-8497-E5321EBA2AE3}.RelWithDebInfo|x64.Build.0 = RelWithDebInfo|x64
		{62A9B9F7-E3FD-349E-BD1D-EF410203F9B0}.Debug|x64.ActiveCfg = Debug|x64
		{62A9B9F7-E3FD-349E-BD1D-EF410203F9B0}.Debug|x64.Build.0 = Debug|x64
		{62A9B9F7-E3FD-349E-BD1D-EF410203F9B0}.Release|x64.ActiveCfg = Release|x64
		{62A9B9F7-E3FD-349E-BD1D-EF410203F9B0}.Release|x64.Build.0 = Release|x64
		{62A9B9F7-E3FD-349E-BD1D-EF410203F9B0}.MinSizeRel|x64.ActiveCfg = MinSizeRel|x64
		{62A9B9F7-E3FD-349E-BD1D-EF410203F9B0}.MinSizeRel|x64.Build.0 = MinSizeRel|x64
		{62A9B9F7-E3FD-349E-BD1D-EF410203F9B0}.RelWithDebInfo|x64.ActiveCfg = RelWithDebInfo|x64
		{62A9B9F7-E3FD-349E-BD1D-EF410203F9B0}.RelWithDebInfo|x64.Build.0 = RelWithDebInfo|x64
		{20DD758B-3AF7-3F5C-A8AD-DCBC90C7E08A}.Debug|x64.ActiveCfg = Debug|x64
		{20DD758B-3AF7-3F5C-A8AD-DCBC90C7E08A}.Debug|x64.Build.0 = Debug|x64
		{20DD758B-3AF7-3F5C-A8AD-DCBC90C7E08A}.Release|x64.ActiveCfg = Release|x64
		{20DD758B-3AF7-3F5C-A8AD-DCBC90C7E08A}.Release|x64.Build.0 = Release|x64
		{20DD758B-3AF7-3F5C-A8AD-DCBC90C7E08A}.MinSizeRel|x64.ActiveCfg = MinSizeRel|x64
		{20DD758B-3AF7-3F5C-A8AD-DCBC90C7E08A}.MinSizeRel|x64.Build.0 = MinSizeRel|x64
		{20DD758B-3AF7-3F5C-A8AD-DCBC90C7E08A}.RelWithDebInfo|x64.ActiveCfg = RelWithDebInfo|x64
		{20DD758B-3AF7-3F5C-A8AD-DCBC90C7E08A}.RelWithDebInfo|x64.Build.0 = RelWithDebInfo|x64
		{CECD9B39-FA24-349D-A5D4-2E1830B562E7}.Debug|x64.ActiveCfg = Debug|x64
		{CECD9B39-FA24-349D-A5D4-2E1830B562E7}.Debug|x64.Build.0 = Debug|x64
		{CECD9B39-FA24-349D-A5D4-2E1830B562E7}.Release|x64.ActiveCfg = Release|x64
		{CECD9B39-FA24-349D-A5D4-2E1830B562E7}.Release|x64.Build.0 = Release|x64
		{CECD9B39-FA24-349D-A5D4-2E1830B562E7}.MinSizeRel|x64.ActiveCfg = MinSizeRel|x64
		{CECD9B39-FA24-349D-A5D4-2E1830B562E7}.MinSizeRel|x64.Build.0 = MinSizeRel|x64
		{CECD9B39-FA24-349D-A5D4-2E1830B562E7}.RelWithDebInfo|x64.ActiveCfg = RelWithDebInfo|x64
		{CECD9B39-FA24-349D-A5D4-2E1830B562E7}.RelWithDebInfo|x64.Build.0 = RelWithDebInfo|x64
		{03D8779F-78AC-3FA2-BD6C-E640150991ED}.Debug|x64.ActiveCfg = Debug|x64
		{03D8779F-78AC-3FA2-BD6C-E640150991ED}.Debug|x64.Build.0 = Debug|x64
		{03D8779F-78AC-3FA2-BD6C-E640150991ED}.Release|x64.ActiveCfg = Release|x64
		{03D8779F-78AC-3FA2-BD6C-E640150991ED}.Release|x64.Build.0 = Release|x64
		{03D8779F-78AC-3FA2-BD6C-E640150991ED}.MinSizeRel|x64.ActiveCfg = MinSizeRel|x64
		{03D8779F-78AC-3FA2-BD6C-E640150991ED}.MinSizeRel|x64.Build.0 = MinSizeRel|x64
		{03D8779F-78AC-3FA2-BD6C-E640150991ED}.RelWithDebInfo|x64.ActiveCfg = RelWithDebInfo|x64
		{03D8779F-78AC-3FA2-BD6C-E640150991ED}.RelWithDebInfo|x64.Build.0 = RelWithDebInfo|x64
		{EE3D342E-B8FC-388F-8947-D4AAD9A33E39}.Debug|x64.ActiveCfg = Debug|x64
		{EE3D342E-B8FC-388F-8947-D4AAD9A33E39}.Debug|x64.Build.0 = Debug|x64
		{EE3D342E-B8FC-388F-8947-D4AAD9A33E39}.Release|x64.ActiveCfg = Release|x64
		{EE3D342E-B8FC-388F-8947-D4AAD9A33E39}.Release|x64.Build.0 = Release|x64
		{EE3D342E-B8FC-388F-8947-D4AAD9A33E39}.MinSizeRel|x64.ActiveCfg = MinSizeRel|x64
		{EE3D342E-B8FC-388F-8947-D4AAD9A33E39}.MinSizeRel|x64.Build.0 = MinSizeRel|x64
		{EE3D342E-B8FC-388F-8947-D4AAD9A33E39}.RelWithDebInfo|x64.ActiveCfg = RelWithDebInfo|x64
		{EE3D342E-B8FC-388F-8947-D4AAD9A33E39}.RelWithDebInfo|x64.Build.0 = RelWithDebInfo|x64
		{AABA1CBB-A30A-337B-AE66-56D6AB52DB10}.Debug|x64.ActiveCfg = Debug|x64
		{AABA1CBB-A30A-337B-AE66-56D6AB52DB10}.Debug|x64.Build.0 = Debug|x64
		{AABA1CBB-A30A-337B-AE66-56D6AB52DB10}.Release|x64.ActiveCfg = Release|x64
		{AABA1CBB-A30A-337B-AE66-56D6AB52DB10}.Release|x64.Build.0 = Release|x64
		{AABA1CBB-A30A-337B-AE66-56D6AB52DB10}.MinSizeRel|x64.ActiveCfg = MinSizeRel|x64
		{AABA1CBB-A30A-337B-AE66-56D6AB52DB10}.MinSizeRel|x64.Build.0 = MinSizeRel|x64
		{AABA1CBB-A30A-337B-AE66-56D6AB52DB10}.RelWithDebInfo|x64.ActiveCfg = RelWithDebInfo|x64
		{AABA1CBB-A30A-337B-AE66-56D6AB52DB10}.RelWithDebInfo|x64.Build.0 = RelWithDebInfo|x64
		{D11AF298-F2E1-3F66-AAF4-18A9E017FA17}.Debug|x64.ActiveCfg = Debug|x64
		{D11AF298-F2E1-3F66-AAF4-18A9E017FA17}.Debug|x64.Build.0 = Debug|x64
		{D11AF298-F2E1-3F66-AAF4-18A9E017FA17}.Release|x64.ActiveCfg = Release|x64
		{D11AF298-F2E1-3F66-AAF4-18A9E017FA17}.Release|x64.Build.0 = Release|x64
		{D11AF298-F2E1-3F66-AAF4-18A9E017FA17}.MinSizeRel|x64.ActiveCfg = MinSizeRel|x64
		{D11AF298-F2E1-3F66-AAF4-18A9E017FA17}.MinSizeRel|x64.Build.0 = MinSizeRel|x64
		{D11AF298-F2E1-3F66-AAF4-18A9E017FA17}.RelWithDebInfo|x64.ActiveCfg = RelWithDebInfo|x64
		{D11AF298-F2E1-3F66-AAF4-18A9E017FA17}.RelWithDebInfo|x64.Build.0 = RelWithDebInfo|x64
		{707B9043-5961-3323-9BC7-F39A9E52664C}.Debug|x64.ActiveCfg = Debug|x64
		{707B9043-5961-3323-9BC7-F39A9E52664C}.Debug|x64.Build.0 = Debug|x64
		{707B9043-5961-3323-9BC7-F39A9E52664C}.Release|x64.ActiveCfg = Release|x64
		{707B9043-5961-3323-9BC7-F39A9E52664C}.Release|x64.Build.0 = Release|x64
		{707B9043-5961-3323-9BC7-F39A9E52664C}.MinSizeRel|x64.ActiveCfg = MinSizeRel|x64
		{707B9043-5961-3323-9BC7-F39A9E52664C}.MinSizeRel|x64.Build.0 = MinSizeRel|x64
		{707B9043-5961-3323-9BC7-F39A9E52664C}.RelWithDebInfo|x64.ActiveCfg = RelWithDebInfo|x64
		{707B9043-5961-3323-9BC7-F39A9E52664C}.RelWithDebInfo|x64.Build.0 = RelWithDebInfo|x64
		{F767E88A-2D8F-3A5C-AC13-B19670AA660A}.Debug|x64.ActiveCfg = Debug|x64
		{F767E88A-2D8F-3A5C-AC13-B19670AA660A}.Debug|x64.Build.0 = Debug|x64
		{F767E88A-2D8F-3A5C-AC13-B19670AA660A}.Release|x64.ActiveCfg = Release|x64
		{F767E88A-2D8F-3A5C-AC13-B19670AA660A}.Release|x64.Build.0 = Release|x64
		{F767E88A-2D8F-3A5C-AC13-B19670AA660A}.MinSizeRel|x64.ActiveCfg = MinSizeRel|x64
		{F767E88A-2D8F-3A5C-AC13-B19670AA660A}.MinSizeRel|x64.Build.0 = MinSizeRel|x64
		{F767E88A-2D8F-3A5C-AC13-B19670AA660A}.RelWithDebInfo|x64.ActiveCfg = RelWithDebInfo|x64
		{F767E88A-2D8F-3A5C-AC13-B19670AA660A}.RelWithDebInfo|x64.Build.0 = RelWithDebInfo|x64
		{8DB074DF-27BA-39B2-9199-B8F89A0027E3}.Debug|x64.ActiveCfg = Debug|x64
		{8DB074DF-27BA-39B2-9199-B8F89A0027E3}.Debug|x64.Build.0 = Debug|x64
		{8DB074DF-27BA-39B2-9199-B8F89A0027E3}.Release|x64.ActiveCfg = Release|x64
		{8DB074DF-27BA-39B2-9199-B8F89A0027E3}.Release|x64.Build.0 = Release|x64
		{8DB074DF-27BA-39B2-9199-B8F89A0027E3}.MinSizeRel|x64.ActiveCfg = MinSizeRel|x64
		{8DB074DF-27BA-39B2-9199-B8F89A0027E3}.MinSizeRel|x64.Build.0 = MinSizeRel|x64
		{8DB074DF-27BA-39B2-9199-B8F89A0027E3}.RelWithDebInfo|x64.ActiveCfg = RelWithDebInfo|x64
		{8DB074DF-27BA-39B2-9199-B8F89A0027E3}.RelWithDebInfo|x64.Build.0 = RelWithDebInfo|x64
		{FDF548A3-69BB-3D3D-B92F-1DBF5CC2B755}.Debug|x64.ActiveCfg = Debug|x64
		{FDF548A3-69BB-3D3D-B92F-1DBF5CC2B755}.Debug|x64.Build.0 = Debug|x64
		{FDF548A3-69BB-3D3D-B92F-1DBF5CC2B755}.Release|x64.ActiveCfg = Release|x64
		{FDF548A3-69BB-3D3D-B92F-1DBF5CC2B755}.Release|x64.Build.0 = Release|x64
		{FDF548A3-69BB-3D3D-B92F-1DBF5CC2B755}.MinSizeRel|x64.ActiveCfg = MinSizeRel|x64
		{FDF548A3-69BB-3D3D-B92F-1DBF5CC2B755}.MinSizeRel|x64.Build.0 = MinSizeRel|x64
		{FDF548A3-69BB-3D3D-B92F-1DBF5CC2B755}.RelWithDebInfo|x64.ActiveCfg = RelWithDebInfo|x64
		{FDF548A3-69BB-3D3D-B92F-1DBF5CC2B755}.RelWithDebInfo|x64.Build.0 = RelWithDebInfo|x64
		{0AB5D72B-9E80-3E79-A3F2-7DA839EFDC2B}.Debug|x64.ActiveCfg = Debug|x64
		{0AB5D72B-9E80-3E79-A3F2-7DA839EFDC2B}.Debug|x64.Build.0 = Debug|x64
		{0AB5D72B-9E80-3E79-A3F2-7DA839EFDC2B}.Release|x64.ActiveCfg = Release|x64
		{0AB5D72B-9E80-3E79-A3F2-7DA839EFDC2B}.Release|x64.Build.0 = Release|x64
		{0AB5D72B-9E80-3E79-A3F2-7DA839EFDC2B}.MinSizeRel|x64.ActiveCfg = MinSizeRel|x64
		{0AB5D72B-9E80-3E79-A3F2-7DA839EFDC2B}.MinSizeRel|x64.Build.0 = MinSizeRel|x64
		{0AB5D72B-9E80-3E79-A3F2-7DA839EFDC2B}.RelWithDebInfo|x64.ActiveCfg = RelWithDebInfo|x64
		{0AB5D72B-9E80-3E79-A3F2-7DA839EFDC2B}.RelWithDebInfo|x64.Build.0 = RelWithDebInfo|x64
		{CDBA47B1-5A04-3EED-9CAD-98D6BD1FA716}.Debug|x64.ActiveCfg = Debug|x64
		{CDBA47B1-5A04-3EED-9CAD-98D6BD1FA716}.Debug|x64.Build.0 = Debug|x64
		{CDBA47B1-5A04-3EED-9CAD-98D6BD1FA716}.Release|x64.ActiveCfg = Release|x64
		{CDBA47B1-5A04-3EED-9CAD-98D6BD1FA716}.Release|x64.Build.0 = Release|x64
		{CDBA47B1-5A04-3EED-9CAD-98D6BD1FA716}.MinSizeRel|x64.ActiveCfg = MinSizeRel|x64
		{CDBA47B1-5A04-3EED-9CAD-98D6BD1FA716}.MinSizeRel|x64.Build.0 = MinSizeRel|x64
		{CDBA47B1-5A04-3EED-9CAD-98D6BD1FA716}.RelWithDebInfo|x64.ActiveCfg = RelWithDebInfo|x64
		{CDBA47B1-5A04-3EED-9CAD-98D6BD1FA716}.RelWithDebInfo|x64.Build.0 = RelWithDebInfo|x64
		{B15E6E89-8A79-3FF4-AC7E-655251263290}.Debug|x64.ActiveCfg = Debug|x64
		{B15E6E89-8A79-3FF4-AC7E-655251263290}.Debug|x64.Build.0 = Debug|x64
		{B15E6E89-8A79-3FF4-AC7E-655251263290}.Release|x64.ActiveCfg = Release|x64
		{B15E6E89-8A79-3FF4-AC7E-655251263290}.Release|x64.Build.0 = Release|x64
		{B15E6E89-8A79-3FF4-AC7E-655251263290}.MinSizeRel|x64.ActiveCfg = MinSizeRel|x64
		{B15E6E89-8A79-3FF4-AC7E-655251263290}.MinSizeRel|x64.Build.0 = MinSizeRel|x64
		{B15E6E89-8A79-3FF4-AC7E-655251263290}.RelWithDebInfo|x64.ActiveCfg = RelWithDebInfo|x64
		{B15E6E89-8A79-3FF4-AC7E-655251263290}.RelWithDebInfo|x64.Build.0 = RelWithDebInfo|x64
		{78894C5C-C3F2-3BE6-8BDD-53D7B279FD47}.Debug|x64.ActiveCfg = Debug|x64
		{78894C5C-C3F2-3BE6-8BDD-53D7B279FD47}.Debug|x64.Build.0 = Debug|x64
		{78894C5C-C3F2-3BE6-8BDD-53D7B279FD47}.Release|x64.ActiveCfg = Release|x64
		{78894C5C-C3F2-3BE6-8BDD-53D7B279FD47}.Release|x64.Build.0 = Release|x64
		{78894C5C-C3F2-3BE6-8BDD-53D7B279FD47}.MinSizeRel|x64.ActiveCfg = MinSizeRel|x64
		{78894C5C-C3F2-3BE6-8BDD-53D7B279FD47}.MinSizeRel|x64.Build.0 = MinSizeRel|x64
		{78894C5C-C3F2-3BE6-8BDD-53D7B279FD47}.RelWithDebInfo|x64.ActiveCfg = RelWithDebInfo|x64
		{78894C5C-C3F2-3BE6-8BDD-53D7B279FD47}.RelWithDebInfo|x64.Build.0 = RelWithDebInfo|x64
		{7D23AE1C-89A0-31D5-91AB-A229C961808C}.Debug|x64.ActiveCfg = Debug|x64
		{7D23AE1C-89A0-31D5-91AB-A229C961808C}.Debug|x64.Build.0 = Debug|x64
		{7D23AE1C-89A0-31D5-91AB-A229C961808C}.Release|x64.ActiveCfg = Release|x64
		{7D23AE1C-89A0-31D5-91AB-A229C961808C}.Release|x64.Build.0 = Release|x64
		{7D23AE1C-89A0-31D5-91AB-A229C961808C}.MinSizeRel|x64.ActiveCfg = MinSizeRel|x64
		{7D23AE1C-89A0-31D5-91AB-A229C961808C}.MinSizeRel|x64.Build.0 = MinSizeRel|x64
		{7D23AE1C-89A0-31D5-91AB-A229C961808C}.RelWithDebInfo|x64.ActiveCfg = RelWithDebInfo|x64
		{7D23AE1C-89A0-31D5-91AB-A229C961808C}.RelWithDebInfo|x64.Build.0 = RelWithDebInfo|x64
		{3E9B9DF6-E99A-3DFA-8A21-8D0825897AA9}.Debug|x64.ActiveCfg = Debug|x64
		{3E9B9DF6-E99A-3DFA-8A21-8D0825897AA9}.Debug|x64.Build.0 = Debug|x64
		{3E9B9DF6-E99A-3DFA-8A21-8D0825897AA9}.Release|x64.ActiveCfg = Release|x64
		{3E9B9DF6-E99A-3DFA-8A21-8D0825897AA9}.Release|x64.Build.0 = Release|x64
		{3E9B9DF6-E99A-3DFA-8A21-8D0825897AA9}.MinSizeRel|x64.ActiveCfg = MinSizeRel|x64
		{3E9B9DF6-E99A-3DFA-8A21-8D0825897AA9}.MinSizeRel|x64.Build.0 = MinSizeRel|x64
		{3E9B9DF6-E99A-3DFA-8A21-8D0825897AA9}.RelWithDebInfo|x64.ActiveCfg = RelWithDebInfo|x64
		{3E9B9DF6-E99A-3DFA-8A21-8D0825897AA9}.RelWithDebInfo|x64.Build.0 = RelWithDebInfo|x64
		{E07D5A33-B396-39CD-9DE0-F1A66F53678B}.Debug|x64.ActiveCfg = Debug|x64
		{E07D5A33-B396-39CD-9DE0-F1A66F53678B}.Debug|x64.Build.0 = Debug|x64
		{E07D5A33-B396-39CD-9DE0-F1A66F53678B}.Release|x64.ActiveCfg = Release|x64
		{E07D5A33-B396-39CD-9DE0-F1A66F53678B}.Release|x64.Build.0 = Release|x64
		{E07D5A33-B396-39CD-9DE0-F1A66F53678B}.MinSizeRel|x64.ActiveCfg = MinSizeRel|x64
		{E07D5A33-B396-39CD-9DE0-F1A66F53678B}.MinSizeRel|x64.Build.0 = MinSizeRel|x64
		{E07D5A33-B396-39CD-9DE0-F1A66F53678B}.RelWithDebInfo|x64.ActiveCfg = RelWithDebInfo|x64
		{E07D5A33-B396-39CD-9DE0-F1A66F53678B}.RelWithDebInfo|x64.Build.0 = RelWithDebInfo|x64
		{87BEB871-7AAC-3065-A33B-E9D0EAF536D4}.Debug|x64.ActiveCfg = Debug|x64
		{87BEB871-7AAC-3065-A33B-E9D0EAF536D4}.Debug|x64.Build.0 = Debug|x64
		{87BEB871-7AAC-3065-A33B-E9D0EAF536D4}.Release|x64.ActiveCfg = Release|x64
		{87BEB871-7AAC-3065-A33B-E9D0EAF536D4}.Release|x64.Build.0 = Release|x64
		{87BEB871-7AAC-3065-A33B-E9D0EAF536D4}.MinSizeRel|x64.ActiveCfg = MinSizeRel|x64
		{87BEB871-7AAC-3065-A33B-E9D0EAF536D4}.MinSizeRel|x64.Build.0 = MinSizeRel|x64
		{87BEB871-7AAC-3065-A33B-E9D0EAF536D4}.RelWithDebInfo|x64.ActiveCfg = RelWithDebInfo|x64
		{87BEB871-7AAC-3065-A33B-E9D0EAF536D4}.RelWithDebInfo|x64.Build.0 = RelWithDebInfo|x64
		{8B7594EE-1D5D-30C4-89A1-CBD0FE49BC80}.Debug|x64.ActiveCfg = Debug|x64
		{8B7594EE-1D5D-30C4-89A1-CBD0FE49BC80}.Debug|x64.Build.0 = Debug|x64
		{8B7594EE-1D5D-30C4-89A1-CBD0FE49BC80}.Release|x64.ActiveCfg = Release|x64
		{8B7594EE-1D5D-30C4-89A1-CBD0FE49BC80}.Release|x64.Build.0 = Release|x64
		{8B7594EE-1D5D-30C4-89A1-CBD0FE49BC80}.MinSizeRel|x64.ActiveCfg = MinSizeRel|x64
		{8B7594EE-1D5D-30C4-89A1-CBD0FE49BC80}.MinSizeRel|x64.Build.0 = MinSizeRel|x64
		{8B7594EE-1D5D-30C4-89A1-CBD0FE49BC80}.RelWithDebInfo|x64.ActiveCfg = RelWithDebInfo|x64
		{8B7594EE-1D5D-30C4-89A1-CBD0FE49BC80}.RelWithDebInfo|x64.Build.0 = RelWithDebInfo|x64
		{4C63B283-A364-34AB-9636-28B66A382389}.Debug|x64.ActiveCfg = Debug|x64
		{4C63B283-A364-34AB-9636-28B66A382389}.Debug|x64.Build.0 = Debug|x64
		{4C63B283-A364-34AB-9636-28B66A382389}.Release|x64.ActiveCfg = Release|x64
		{4C63B283-A364-34AB-9636-28B66A382389}.Release|x64.Build.0 = Release|x64
		{4C63B283-A364-34AB-9636-28B66A382389}.MinSizeRel|x64.ActiveCfg = MinSizeRel|x64
		{4C63B283-A364-34AB-9636-28B66A382389}.MinSizeRel|x64.Build.0 = MinSizeRel|x64
		{4C63B283-A364-34AB-9636-28B66A382389}.RelWithDebInfo|x64.ActiveCfg = RelWithDebInfo|x64
		{4C63B283-A364-34AB-9636-28B66A382389}.RelWithDebInfo|x64.Build.0 = RelWithDebInfo|x64
		{2B8FC8F9-59B2-3538-91D4-38ED79CB0C28}.Debug|x64.ActiveCfg = Debug|x64
		{2B8FC8F9-59B2-3538-91D4-38ED79CB0C28}.Debug|x64.Build.0 = Debug|x64
		{2B8FC8F9-59B2-3538-91D4-38ED79CB0C28}.Release|x64.ActiveCfg = Release|x64
		{2B8FC8F9-59B2-3538-91D4-38ED79CB0C28}.Release|x64.Build.0 = Release|x64
		{2B8FC8F9-59B2-3538-91D4-38ED79CB0C28}.MinSizeRel|x64.ActiveCfg = MinSizeRel|x64
		{2B8FC8F9-59B2-3538-91D4-38ED79CB0C28}.MinSizeRel|x64.Build.0 = MinSizeRel|x64
		{2B8FC8F9-59B2-3538-91D4-38ED79CB0C28}.RelWithDebInfo|x64.ActiveCfg = RelWithDebInfo|x64
		{2B8FC8F9-59B2-3538-91D4-38ED79CB0C28}.RelWithDebInfo|x64.Build.0 = RelWithDebInfo|x64
		{B7989B4B-5E4C-36B8-8440-C516B63B90F7}.Debug|x64.ActiveCfg = Debug|x64
		{B7989B4B-5E4C-36B8-8440-C516B63B90F7}.Debug|x64.Build.0 = Debug|x64
		{B7989B4B-5E4C-36B8-8440-C516B63B90F7}.Release|x64.ActiveCfg = Release|x64
		{B7989B4B-5E4C-36B8-8440-C516B63B90F7}.Release|x64.Build.0 = Release|x64
		{B7989B4B-5E4C-36B8-8440-C516B63B90F7}.MinSizeRel|x64.ActiveCfg = MinSizeRel|x64
		{B7989B4B-5E4C-36B8-8440-C516B63B90F7}.MinSizeRel|x64.Build.0 = MinSizeRel|x64
		{B7989B4B-5E4C-36B8-8440-C516B63B90F7}.RelWithDebInfo|x64.ActiveCfg = RelWithDebInfo|x64
		{B7989B4B-5E4C-36B8-8440-C516B63B90F7}.RelWithDebInfo|x64.Build.0 = RelWithDebInfo|x64
		{87A89088-FE0A-3B28-9F61-4627C75DCD98}.Debug|x64.ActiveCfg = Debug|x64
		{87A89088-FE0A-3B28-9F61-4627C75DCD98}.Release|x64.ActiveCfg = Release|x64
		{87A89088-FE0A-3B28-9F61-4627C75DCD98}.MinSizeRel|x64.ActiveCfg = MinSizeRel|x64
		{87A89088-FE0A-3B28-9F61-4627C75DCD98}.RelWithDebInfo|x64.ActiveCfg = RelWithDebInfo|x64
		{0E6C068B-6694-3415-806C-A17E272A602C}.Debug|x64.ActiveCfg = Debug|x64
		{0E6C068B-6694-3415-806C-A17E272A602C}.Release|x64.ActiveCfg = Release|x64
		{0E6C068B-6694-3415-806C-A17E272A602C}.MinSizeRel|x64.ActiveCfg = MinSizeRel|x64
		{0E6C068B-6694-3415-806C-A17E272A602C}.RelWithDebInfo|x64.ActiveCfg = RelWithDebInfo|x64
		{CFE4B07B-F2B8-3A5A-B508-203F1EEEB37A}.Debug|x64.ActiveCfg = Debug|x64
		{CFE4B07B-F2B8-3A5A-B508-203F1EEEB37A}.Debug|x64.Build.0 = Debug|x64
		{CFE4B07B-F2B8-3A5A-B508-203F1EEEB37A}.Release|x64.ActiveCfg = Release|x64
		{CFE4B07B-F2B8-3A5A-B508-203F1EEEB37A}.Release|x64.Build.0 = Release|x64
		{CFE4B07B-F2B8-3A5A-B508-203F1EEEB37A}.MinSizeRel|x64.ActiveCfg = MinSizeRel|x64
		{CFE4B07B-F2B8-3A5A-B508-203F1EEEB37A}.MinSizeRel|x64.Build.0 = MinSizeRel|x64
		{CFE4B07B-F2B8-3A5A-B508-203F1EEEB37A}.RelWithDebInfo|x64.ActiveCfg = RelWithDebInfo|x64
		{CFE4B07B-F2B8-3A5A-B508-203F1EEEB37A}.RelWithDebInfo|x64.Build.0 = RelWithDebInfo|x64
		{8E81C702-6B59-31F3-ACF8-89E3D42E1A5A}.Debug|x64.ActiveCfg = Debug|x64
		{8E81C702-6B59-31F3-ACF8-89E3D42E1A5A}.Debug|x64.Build.0 = Debug|x64
		{8E81C702-6B59-31F3-ACF8-89E3D42E1A5A}.Release|x64.ActiveCfg = Release|x64
		{8E81C702-6B59-31F3-ACF8-89E3D42E1A5A}.Release|x64.Build.0 = Release|x64
		{8E81C702-6B59-31F3-ACF8-89E3D42E1A5A}.MinSizeRel|x64.ActiveCfg = MinSizeRel|x64
		{8E81C702-6B59-31F3-ACF8-89E3D42E1A5A}.MinSizeRel|x64.Build.0 = MinSizeRel|x64
		{8E81C702-6B59-31F3-ACF8-89E3D42E1A5A}.RelWithDebInfo|x64.ActiveCfg = RelWithDebInfo|x64
		{8E81C702-6B59-31F3-ACF8-89E3D42E1A5A}.RelWithDebInfo|x64.Build.0 = RelWithDebInfo|x64
	EndGlobalSection
	GlobalSection(NestedProjects) = preSolution
		{67B42C64-5220-32AD-B760-B9FB4AB30C99} = {552DAC69-A9A7-3AE0-ADDC-D8949D57C9EF}
		{ABADBDE1-75CC-3216-9A3A-1CDF2CCB0E2B} = {552DAC69-A9A7-3AE0-ADDC-D8949D57C9EF}
		{917833C9-B977-354A-8BF9-8C09CFC3E6DD} = {552DAC69-A9A7-3AE0-ADDC-D8949D57C9EF}
		{3F7D7FB9-87B3-38F3-8C87-83E190761861} = {6C462046-741F-3BD3-BC41-C62A3CCFDECE}
		{2C85F8FB-ABAB-3479-866C-5C850395EDC8} = {6C462046-741F-3BD3-BC41-C62A3CCFDECE}
		{CECD9B39-FA24-349D-A5D4-2E1830B562E7} = {6C462046-741F-3BD3-BC41-C62A3CCFDECE}
		{87A89088-FE0A-3B28-9F61-4627C75DCD98} = {6C462046-741F-3BD3-BC41-C62A3CCFDECE}
		{0E6C068B-6694-3415-806C-A17E272A602C} = {6C462046-741F-3BD3-BC41-C62A3CCFDECE}
		{0BA36C28-655A-3A70-A797-B6A796C8BDF1} = {3F7D7FB9-87B3-38F3-8C87-83E190761861}
		{20DD758B-3AF7-3F5C-A8AD-DCBC90C7E08A} = {3F7D7FB9-87B3-38F3-8C87-83E190761861}
		{EE3D342E-B8FC-388F-8947-D4AAD9A33E39} = {3F7D7FB9-87B3-38F3-8C87-83E190761861}
		{0AB5D72B-9E80-3E79-A3F2-7DA839EFDC2B} = {3F7D7FB9-87B3-38F3-8C87-83E190761861}
		{B15E6E89-8A79-3FF4-AC7E-655251263290} = {3F7D7FB9-87B3-38F3-8C87-83E190761861}
		{7D23AE1C-89A0-31D5-91AB-A229C961808C} = {3F7D7FB9-87B3-38F3-8C87-83E190761861}
		{3E9B9DF6-E99A-3DFA-8A21-8D0825897AA9} = {3F7D7FB9-87B3-38F3-8C87-83E190761861}
		{E07D5A33-B396-39CD-9DE0-F1A66F53678B} = {3F7D7FB9-87B3-38F3-8C87-83E190761861}
		{CFE4B07B-F2B8-3A5A-B508-203F1EEEB37A} = {3F7D7FB9-87B3-38F3-8C87-83E190761861}
		{E596FE00-17BE-34BC-8B4B-EA5F4DF31DCE} = {2C85F8FB-ABAB-3479-866C-5C850395EDC8}
		{AF02F724-01F4-320F-AFBA-31CD897489B4} = {2C85F8FB-ABAB-3479-866C-5C850395EDC8}
		{0F9832DE-C72A-33B1-8D61-04EE7E6FE918} = {2C85F8FB-ABAB-3479-866C-5C850395EDC8}
		{CEE2BE35-1875-34E3-8497-E5321EBA2AE3} = {2C85F8FB-ABAB-3479-866C-5C850395EDC8}
		{62A9B9F7-E3FD-349E-BD1D-EF410203F9B0} = {2C85F8FB-ABAB-3479-866C-5C850395EDC8}
		{03D8779F-78AC-3FA2-BD6C-E640150991ED} = {2C85F8FB-ABAB-3479-866C-5C850395EDC8}
		{AABA1CBB-A30A-337B-AE66-56D6AB52DB10} = {2C85F8FB-ABAB-3479-866C-5C850395EDC8}
		{D11AF298-F2E1-3F66-AAF4-18A9E017FA17} = {2C85F8FB-ABAB-3479-866C-5C850395EDC8}
		{707B9043-5961-3323-9BC7-F39A9E52664C} = {2C85F8FB-ABAB-3479-866C-5C850395EDC8}
		{F767E88A-2D8F-3A5C-AC13-B19670AA660A} = {2C85F8FB-ABAB-3479-866C-5C850395EDC8}
		{8DB074DF-27BA-39B2-9199-B8F89A0027E3} = {2C85F8FB-ABAB-3479-866C-5C850395EDC8}
		{FDF548A3-69BB-3D3D-B92F-1DBF5CC2B755} = {2C85F8FB-ABAB-3479-866C-5C850395EDC8}
		{CDBA47B1-5A04-3EED-9CAD-98D6BD1FA716} = {2C85F8FB-ABAB-3479-866C-5C850395EDC8}
		{78894C5C-C3F2-3BE6-8BDD-53D7B279FD47} = {2C85F8FB-ABAB-3479-866C-5C850395EDC8}
		{87BEB871-7AAC-3065-A33B-E9D0EAF536D4} = {2C85F8FB-ABAB-3479-866C-5C850395EDC8}
		{8B7594EE-1D5D-30C4-89A1-CBD0FE49BC80} = {2C85F8FB-ABAB-3479-866C-5C850395EDC8}
		{4C63B283-A364-34AB-9636-28B66A382389} = {2C85F8FB-ABAB-3479-866C-5C850395EDC8}
		{2B8FC8F9-59B2-3538-91D4-38ED79CB0C28} = {2C85F8FB-ABAB-3479-866C-5C850395EDC8}
		{B7989B4B-5E4C-36B8-8440-C516B63B90F7} = {2C85F8FB-ABAB-3479-866C-5C850395EDC8}
		{8E81C702-6B59-31F3-ACF8-89E3D42E1A5A} = {2C85F8FB-ABAB-3479-866C-5C850395EDC8}
	EndGlobalSection
	GlobalSection(ExtensibilityGlobals) = postSolution
		SolutionGuid = {DD90B970-24EF-3E4A-BDC7-387DA238B265}
	EndGlobalSection
	GlobalSection(ExtensibilityAddIns) = postSolution
	EndGlobalSection
EndGlobal
