<?xml version="1.0" encoding="utf-8"?>
<Project ToolsVersion="17.0" xmlns="http://schemas.microsoft.com/developer/msbuild/2003">
  <ItemGroup>
    <CustomBuild Include="E:\Graphics\Graphics\Tools\SOIL2\CMakeFiles\da8fef566dec7fa28fedde1a1779e8f8\INSTALL_force.rule">
      <Filter>CMake Rules</Filter>
    </CustomBuild>
  </ItemGroup>
  <ItemGroup>
    <Filter Include="CMake Rules">
      <UniqueIdentifier>{163F54B4-E85F-3BA4-924B-4A68E10909C6}</UniqueIdentifier>
    </Filter>
  </ItemGroup>
</Project>
